# This file was autogenerated by Stack.
# You should not edit this file by hand.
# For more information, please see the documentation at:
#   https://docs.haskellstack.org/en/stable/lock_files

packages:
- completed:
    hackage: hie-bios-0.7.1@sha256:254a0359fa63c2be84f7123609811fa5ce204618fc9ea8eb1ba085ec3ef310f2,11260
    pantry-tree:
      size: 11225
      sha256: 7f0522db12376e203189b37e7e99bff7fdf70a9fa24fdfe869f441dbcd60c077
  original:
    hackage: hie-bios-0.7.1@sha256:254a0359fa63c2be84f7123609811fa5ce204618fc9ea8eb1ba085ec3ef310f2,11260
snapshots:
- completed:
    size: 532386
    url: https://raw.githubusercontent.com/commercialhaskell/stackage-snapshots/master/lts/16/17.yaml
    sha256: d3ee1ae797cf63189c95cf27f00700304946c5cb3c1e6a82001cd6584a221e1b
  original: lts-16.17
