# This file was autogenerated by Stack.
# You should not edit this file by hand.
# For more information, please see the documentation at:
#   https://docs.haskellstack.org/en/stable/lock_files

packages:
- completed:
    hackage: hie-bios-0.7.5@sha256:17ce0a240d266affe67f4ea47f15033af4be403116365fad468848ea0b6c95f8,11311
    pantry-tree:
      size: 11525
      sha256: 540d4cb6e13e12b7b67b03ccde58cfda3dd461ecfb9c41da454ebb145da00c3a
  original:
    hackage: hie-bios-0.7.5
snapshots:
- completed:
    size: 585393
    url: https://raw.githubusercontent.com/commercialhaskell/stackage-snapshots/master/lts/18/0.yaml
    sha256: c632012da648385b9fa3c29f4e0afd56ead299f1c5528ee789058be410e883c0
  original: lts-18.0
